schema: '2.0'
stages:
  preprocess:
    cmd: python src\preprocess_data.py
  train_model:
    cmd: python src\train_model.py -m models/lin_reg_v1.joblib
  test_model:
    cmd: python src\test_model.py -m models/lin_reg_v1.joblib
  preprocess_train:
    cmd: python src\preprocess_data.py -s 1
  preprocess_test:
    cmd: python src\preprocess_data.py -s 0 -i data/raw/1_2024-05-30_19-16.csv data/raw/2_2024-05-30_19-27.csv
